
Microsoft Visual Studio Solution File, Format Version 12.00
# Visual Studio Version 17
VisualStudioVersion = 17.1.32228.430
MinimumVisualStudioVersion = 10.0.40219.1
Project("{FAE04EC0-301F-11D3-BF4B-00C04F79EFBC}") = "SistemaCitas", "SistemaCitas.csproj", "{1EDA28CA-2A86-45F1-A878-9C2A5CBC09B5}"
EndProject
Global
	GlobalSection(SolutionConfigurationPlatforms) = preSolution
		Debug|Any CPU = Debug|Any CPU
		Release|Any CPU = Release|Any CPU
	EndGlobalSection
	GlobalSection(ProjectConfigurationPlatforms) = postSolution
		{1EDA28CA-2A86-45F1-A878-9C2A5CBC09B5}.Debug|Any CPU.ActiveCfg = Debug|Any CPU
		{1EDA28CA-2A86-45F1-A878-9C2A5CBC09B5}.Debug|Any CPU.Build.0 = Debug|Any CPU
		{1EDA28CA-2A86-45F1-A878-9C2A5CBC09B5}.Release|Any CPU.ActiveCfg = Release|Any CPU
		{1EDA28CA-2A86-45F1-A878-9C2A5CBC09B5}.Release|Any CPU.Build.0 = Release|Any CPU
	EndGlobalSection
	GlobalSection(SolutionProperties) = preSolution
		HideSolutionNode = FALSE
	EndGlobalSection
	GlobalSection(ExtensibilityGlobals) = postSolution
		SolutionGuid = {941D6452-3F2A-43C8-BBE4-01A4B551D02E}
	EndGlobalSection
EndGlobal
